
Microsoft Visual Studio Solution File, Format Version 12.00
# Visual Studio Version 16
VisualStudioVersion = 16.0.29102.190
MinimumVisualStudioVersion = 10.0.40219.1
Project("{9A19103F-16F7-4668-BE54-9A1E7A4F7556}") = "ishop", "ishop.csproj", "{A21FA6ED-FB97-48BD-ABC6-73D56911C0C7}"
EndProject
Project("{FAE04EC0-301F-11D3-BF4B-00C04F79EFBC}") = "JahizImpex", "..\JahizImpex\JahizImpex.csproj", "{28F3A5A0-0FF8-4AFA-BB96-CCE3A7AE71FF}"
EndProject
Global
	GlobalSection(SolutionConfigurationPlatforms) = preSolution
		Debug|Any CPU = Debug|Any CPU
		Release|Any CPU = Release|Any CPU
	EndGlobalSection
	GlobalSection(ProjectConfigurationPlatforms) = postSolution
		{A21FA6ED-FB97-48BD-ABC6-73D56911C0C7}.Debug|Any CPU.ActiveCfg = Debug|Any CPU
		{A21FA6ED-FB97-48BD-ABC6-73D56911C0C7}.Debug|Any CPU.Build.0 = Debug|Any CPU
		{A21FA6ED-FB97-48BD-ABC6-73D56911C0C7}.Release|Any CPU.ActiveCfg = Release|Any CPU
		{A21FA6ED-FB97-48BD-ABC6-73D56911C0C7}.Release|Any CPU.Build.0 = Release|Any CPU
		{28F3A5A0-0FF8-4AFA-BB96-CCE3A7AE71FF}.Debug|Any CPU.ActiveCfg = Debug|Any CPU
		{28F3A5A0-0FF8-4AFA-BB96-CCE3A7AE71FF}.Debug|Any CPU.Build.0 = Debug|Any CPU
		{28F3A5A0-0FF8-4AFA-BB96-CCE3A7AE71FF}.Release|Any CPU.ActiveCfg = Release|Any CPU
		{28F3A5A0-0FF8-4AFA-BB96-CCE3A7AE71FF}.Release|Any CPU.Build.0 = Release|Any CPU
	EndGlobalSection
	GlobalSection(SolutionProperties) = preSolution
		HideSolutionNode = FALSE
	EndGlobalSection
	GlobalSection(ExtensibilityGlobals) = postSolution
		SolutionGuid = {6EF91692-6475-495C-91B8-D475B7BAAA86}
	EndGlobalSection
EndGlobal
